
Microsoft Visual Studio Solution File, Format Version 12.00
# Visual Studio Version 17
VisualStudioVersion = 17.10.34928.147
MinimumVisualStudioVersion = 10.0.40219.1
Project("{FAE04EC0-301F-11D3-BF4B-00C04F79EFBC}") = "Sales.Shared", "Sales.Shared\Sales.Shared.csproj", "{035E8FCC-A36C-40CB-B504-49BFBBA7733A}"
EndProject
Project("{FAE04EC0-301F-11D3-BF4B-00C04F79EFBC}") = "Sales.WEB", "Sales.WEB\Sales.WEB.csproj", "{A2811513-6086-4A3D-9BF8-001B4579AC98}"
EndProject
Project("{FAE04EC0-301F-11D3-BF4B-00C04F79EFBC}") = "Sales.Mobile", "Sales.Mobile\Sales.Mobile.csproj", "{30785BF8-38A0-43D7-8A67-485C48291E00}"
EndProject
Project("{FAE04EC0-301F-11D3-BF4B-00C04F79EFBC}") = "Sales.API", "Sales.API\Sales.API.csproj", "{84FFF03B-F563-47DA-93DD-A5D94128CA87}"
EndProject
Global
	GlobalSection(SolutionConfigurationPlatforms) = preSolution
		Debug|Any CPU = Debug|Any CPU
		Release|Any CPU = Release|Any CPU
	EndGlobalSection
	GlobalSection(ProjectConfigurationPlatforms) = postSolution
		{035E8FCC-A36C-40CB-B504-49BFBBA7733A}.Debug|Any CPU.ActiveCfg = Debug|Any CPU
		{035E8FCC-A36C-40CB-B504-49BFBBA7733A}.Debug|Any CPU.Build.0 = Debug|Any CPU
		{035E8FCC-A36C-40CB-B504-49BFBBA7733A}.Release|Any CPU.ActiveCfg = Release|Any CPU
		{035E8FCC-A36C-40CB-B504-49BFBBA7733A}.Release|Any CPU.Build.0 = Release|Any CPU
		{A2811513-6086-4A3D-9BF8-001B4579AC98}.Debug|Any CPU.ActiveCfg = Debug|Any CPU
		{A2811513-6086-4A3D-9BF8-001B4579AC98}.Debug|Any CPU.Build.0 = Debug|Any CPU
		{A2811513-6086-4A3D-9BF8-001B4579AC98}.Release|Any CPU.ActiveCfg = Release|Any CPU
		{A2811513-6086-4A3D-9BF8-001B4579AC98}.Release|Any CPU.Build.0 = Release|Any CPU
		{30785BF8-38A0-43D7-8A67-485C48291E00}.Debug|Any CPU.ActiveCfg = Debug|Any CPU
		{30785BF8-38A0-43D7-8A67-485C48291E00}.Debug|Any CPU.Build.0 = Debug|Any CPU
		{30785BF8-38A0-43D7-8A67-485C48291E00}.Debug|Any CPU.Deploy.0 = Debug|Any CPU
		{30785BF8-38A0-43D7-8A67-485C48291E00}.Release|Any CPU.ActiveCfg = Release|Any CPU
		{30785BF8-38A0-43D7-8A67-485C48291E00}.Release|Any CPU.Build.0 = Release|Any CPU
		{30785BF8-38A0-43D7-8A67-485C48291E00}.Release|Any CPU.Deploy.0 = Release|Any CPU
		{84FFF03B-F563-47DA-93DD-A5D94128CA87}.Debug|Any CPU.ActiveCfg = Debug|Any CPU
		{84FFF03B-F563-47DA-93DD-A5D94128CA87}.Debug|Any CPU.Build.0 = Debug|Any CPU
		{84FFF03B-F563-47DA-93DD-A5D94128CA87}.Release|Any CPU.ActiveCfg = Release|Any CPU
		{84FFF03B-F563-47DA-93DD-A5D94128CA87}.Release|Any CPU.Build.0 = Release|Any CPU
	EndGlobalSection
	GlobalSection(SolutionProperties) = preSolution
		HideSolutionNode = FALSE
	EndGlobalSection
	GlobalSection(ExtensibilityGlobals) = postSolution
		SolutionGuid = {A9120838-9A07-4EE5-BA3C-6A61981EDA5A}
	EndGlobalSection
EndGlobal
